
Microsoft Visual Studio Solution File, Format Version 12.00
# Visual Studio Version 17
VisualStudioVersion = 17.3.32922.545
MinimumVisualStudioVersion = 10.0.40219.1
Project("{9A19103F-16F7-4668-BE54-9A1E7A4F7556}") = "Authorization.API", "Services\Autorization\Autorization.API\Authorization.API.csproj", "{09959AC2-013D-4AF4-9F67-6242C5BC6447}"
EndProject
Project("{9A19103F-16F7-4668-BE54-9A1E7A4F7556}") = "Authorization.Application", "Services\Autorization\Autorization.Application\Authorization.Application.csproj", "{0E67E406-AAAF-47F3-9747-083446B8529E}"
EndProject
Project("{9A19103F-16F7-4668-BE54-9A1E7A4F7556}") = "Authorization.Domain", "Services\Autorization\Autorization.Domain\Authorization.Domain.csproj", "{21F0BA87-65EA-45AE-9866-2C616C9FAD3E}"
EndProject
Project("{9A19103F-16F7-4668-BE54-9A1E7A4F7556}") = "Authorization.Infrastructure", "Services\Autorization\Autorization.Infrastructure\Authorization.Infrastructure.csproj", "{CD02E225-6C4D-468F-8DAA-2835D6EC6FBF}"
EndProject
Project("{2150E333-8FDC-42A3-9474-1A3956D46DE8}") = "Services", "Services", "{CA67C5EF-9DCE-41DB-8FE5-B7BC011BD6B0}"
EndProject
Project("{2150E333-8FDC-42A3-9474-1A3956D46DE8}") = "Authorization", "Authorization", "{10907BBE-9FBD-43E9-AF1D-E68925115970}"
EndProject
Project("{2150E333-8FDC-42A3-9474-1A3956D46DE8}") = "Common", "Common", "{BC64809F-F3E9-4C20-9188-0247F612C360}"
EndProject
Project("{9A19103F-16F7-4668-BE54-9A1E7A4F7556}") = "DataTransfer", "Common\DataTransfer\DataTransfer.csproj", "{CC769268-C994-4D99-88D6-39B42B5DC71A}"
EndProject
Project("{9A19103F-16F7-4668-BE54-9A1E7A4F7556}") = "CommonRepository", "Common\CommonRepository\CommonRepository.csproj", "{87A267F0-AE33-4BA8-9E80-81A69974B82A}"
EndProject
Project("{2150E333-8FDC-42A3-9474-1A3956D46DE8}") = "Domain", "Domain", "{0F66E17E-7588-4D34-A1C1-DDC0E2F23CBC}"
EndProject
Project("{9A19103F-16F7-4668-BE54-9A1E7A4F7556}") = "Domain.User", "Domain\User\Domain.User.csproj", "{82A23FC6-681B-4B1A-8CD0-22B1BD0FBE68}"
EndProject
Project("{9A19103F-16F7-4668-BE54-9A1E7A4F7556}") = "Exceptions", "Common\Exceptions\Exceptions.csproj", "{70B4C1B0-64FB-4CC2-9092-7C32154C1727}"
EndProject
Global
	GlobalSection(SolutionConfigurationPlatforms) = preSolution
		Debug|Any CPU = Debug|Any CPU
		Release|Any CPU = Release|Any CPU
	EndGlobalSection
	GlobalSection(ProjectConfigurationPlatforms) = postSolution
		{09959AC2-013D-4AF4-9F67-6242C5BC6447}.Debug|Any CPU.ActiveCfg = Debug|Any CPU
		{09959AC2-013D-4AF4-9F67-6242C5BC6447}.Debug|Any CPU.Build.0 = Debug|Any CPU
		{09959AC2-013D-4AF4-9F67-6242C5BC6447}.Release|Any CPU.ActiveCfg = Release|Any CPU
		{09959AC2-013D-4AF4-9F67-6242C5BC6447}.Release|Any CPU.Build.0 = Release|Any CPU
		{0E67E406-AAAF-47F3-9747-083446B8529E}.Debug|Any CPU.ActiveCfg = Debug|Any CPU
		{0E67E406-AAAF-47F3-9747-083446B8529E}.Debug|Any CPU.Build.0 = Debug|Any CPU
		{0E67E406-AAAF-47F3-9747-083446B8529E}.Release|Any CPU.ActiveCfg = Release|Any CPU
		{0E67E406-AAAF-47F3-9747-083446B8529E}.Release|Any CPU.Build.0 = Release|Any CPU
		{21F0BA87-65EA-45AE-9866-2C616C9FAD3E}.Debug|Any CPU.ActiveCfg = Debug|Any CPU
		{21F0BA87-65EA-45AE-9866-2C616C9FAD3E}.Debug|Any CPU.Build.0 = Debug|Any CPU
		{21F0BA87-65EA-45AE-9866-2C616C9FAD3E}.Release|Any CPU.ActiveCfg = Release|Any CPU
		{21F0BA87-65EA-45AE-9866-2C616C9FAD3E}.Release|Any CPU.Build.0 = Release|Any CPU
		{CD02E225-6C4D-468F-8DAA-2835D6EC6FBF}.Debug|Any CPU.ActiveCfg = Debug|Any CPU
		{CD02E225-6C4D-468F-8DAA-2835D6EC6FBF}.Debug|Any CPU.Build.0 = Debug|Any CPU
		{CD02E225-6C4D-468F-8DAA-2835D6EC6FBF}.Release|Any CPU.ActiveCfg = Release|Any CPU
		{CD02E225-6C4D-468F-8DAA-2835D6EC6FBF}.Release|Any CPU.Build.0 = Release|Any CPU
		{CC769268-C994-4D99-88D6-39B42B5DC71A}.Debug|Any CPU.ActiveCfg = Debug|Any CPU
		{CC769268-C994-4D99-88D6-39B42B5DC71A}.Debug|Any CPU.Build.0 = Debug|Any CPU
		{CC769268-C994-4D99-88D6-39B42B5DC71A}.Release|Any CPU.ActiveCfg = Release|Any CPU
		{CC769268-C994-4D99-88D6-39B42B5DC71A}.Release|Any CPU.Build.0 = Release|Any CPU
		{87A267F0-AE33-4BA8-9E80-81A69974B82A}.Debug|Any CPU.ActiveCfg = Debug|Any CPU
		{87A267F0-AE33-4BA8-9E80-81A69974B82A}.Debug|Any CPU.Build.0 = Debug|Any CPU
		{87A267F0-AE33-4BA8-9E80-81A69974B82A}.Release|Any CPU.ActiveCfg = Release|Any CPU
		{87A267F0-AE33-4BA8-9E80-81A69974B82A}.Release|Any CPU.Build.0 = Release|Any CPU
		{82A23FC6-681B-4B1A-8CD0-22B1BD0FBE68}.Debug|Any CPU.ActiveCfg = Debug|Any CPU
		{82A23FC6-681B-4B1A-8CD0-22B1BD0FBE68}.Debug|Any CPU.Build.0 = Debug|Any CPU
		{82A23FC6-681B-4B1A-8CD0-22B1BD0FBE68}.Release|Any CPU.ActiveCfg = Release|Any CPU
		{82A23FC6-681B-4B1A-8CD0-22B1BD0FBE68}.Release|Any CPU.Build.0 = Release|Any CPU
		{70B4C1B0-64FB-4CC2-9092-7C32154C1727}.Debug|Any CPU.ActiveCfg = Debug|Any CPU
		{70B4C1B0-64FB-4CC2-9092-7C32154C1727}.Debug|Any CPU.Build.0 = Debug|Any CPU
		{70B4C1B0-64FB-4CC2-9092-7C32154C1727}.Release|Any CPU.ActiveCfg = Release|Any CPU
		{70B4C1B0-64FB-4CC2-9092-7C32154C1727}.Release|Any CPU.Build.0 = Release|Any CPU
	EndGlobalSection
	GlobalSection(SolutionProperties) = preSolution
		HideSolutionNode = FALSE
	EndGlobalSection
	GlobalSection(NestedProjects) = preSolution
		{09959AC2-013D-4AF4-9F67-6242C5BC6447} = {10907BBE-9FBD-43E9-AF1D-E68925115970}
		{0E67E406-AAAF-47F3-9747-083446B8529E} = {10907BBE-9FBD-43E9-AF1D-E68925115970}
		{21F0BA87-65EA-45AE-9866-2C616C9FAD3E} = {10907BBE-9FBD-43E9-AF1D-E68925115970}
		{CD02E225-6C4D-468F-8DAA-2835D6EC6FBF} = {10907BBE-9FBD-43E9-AF1D-E68925115970}
		{10907BBE-9FBD-43E9-AF1D-E68925115970} = {CA67C5EF-9DCE-41DB-8FE5-B7BC011BD6B0}
		{CC769268-C994-4D99-88D6-39B42B5DC71A} = {BC64809F-F3E9-4C20-9188-0247F612C360}
		{87A267F0-AE33-4BA8-9E80-81A69974B82A} = {BC64809F-F3E9-4C20-9188-0247F612C360}
		{82A23FC6-681B-4B1A-8CD0-22B1BD0FBE68} = {0F66E17E-7588-4D34-A1C1-DDC0E2F23CBC}
		{70B4C1B0-64FB-4CC2-9092-7C32154C1727} = {BC64809F-F3E9-4C20-9188-0247F612C360}
	EndGlobalSection
	GlobalSection(ExtensibilityGlobals) = postSolution
		SolutionGuid = {12CBD467-CE5D-4332-BFCE-3A2957AAF5C7}
	EndGlobalSection
EndGlobal
